
Microsoft Visual Studio Solution File, Format Version 12.00
# Visual Studio Version 17
VisualStudioVersion = 17.3.32922.545
MinimumVisualStudioVersion = 10.0.40219.1
Project("{FAE04EC0-301F-11D3-BF4B-00C04F79EFBC}") = "BinarySearchTree", "BinarySearchTree\BinarySearchTree.csproj", "{D234E39D-DE08-4687-BB16-5C2387D8C3B7}"
EndProject
Global
	GlobalSection(SolutionConfigurationPlatforms) = preSolution
		Debug|Any CPU = Debug|Any CPU
		Release|Any CPU = Release|Any CPU
	EndGlobalSection
	GlobalSection(ProjectConfigurationPlatforms) = postSolution
		{D234E39D-DE08-4687-BB16-5C2387D8C3B7}.Debug|Any CPU.ActiveCfg = Debug|Any CPU
		{D234E39D-DE08-4687-BB16-5C2387D8C3B7}.Debug|Any CPU.Build.0 = Debug|Any CPU
		{D234E39D-DE08-4687-BB16-5C2387D8C3B7}.Release|Any CPU.ActiveCfg = Release|Any CPU
		{D234E39D-DE08-4687-BB16-5C2387D8C3B7}.Release|Any CPU.Build.0 = Release|Any CPU
	EndGlobalSection
	GlobalSection(SolutionProperties) = preSolution
		HideSolutionNode = FALSE
	EndGlobalSection
	GlobalSection(ExtensibilityGlobals) = postSolution
		SolutionGuid = {5CB6C59D-18AE-41CA-9B82-8F9DE8808D32}
	EndGlobalSection
EndGlobal
